
Microsoft Visual Studio Solution File, Format Version 12.00
# Visual Studio Version 17
VisualStudioVersion = 17.5.002.0
MinimumVisualStudioVersion = 10.0.40219.1
Project("{2150E333-8FDC-42A3-9474-1A3956D46DE8}") = "C#", "C#", "{E32D4F10-350C-4A0D-BF30-2C118702A36F}"
EndProject
Project("{2150E333-8FDC-42A3-9474-1A3956D46DE8}") = "URI", "URI", "{4B586309-F432-466F-A2AE-CB3385CF3F02}"
EndProject
Project("{9A19103F-16F7-4668-BE54-9A1E7A4F7556}") = "1000", "C#\URI\1000\1000.csproj", "{901D785F-A63F-4CD8-8E42-BDC2A3C48300}"
EndProject
Project("{9A19103F-16F7-4668-BE54-9A1E7A4F7556}") = "1001", "C#\URI\1001\1001.csproj", "{DA315386-9B63-403A-AE1F-D556C36C6D9B}"
EndProject
Project("{9A19103F-16F7-4668-BE54-9A1E7A4F7556}") = "1002", "C#\URI\1002\1002.csproj", "{2F53C825-683E-41D9-83D2-B166FFA39958}"
EndProject
Project("{9A19103F-16F7-4668-BE54-9A1E7A4F7556}") = "1103", "C#\URI\1103\1103.csproj", "{1BE31320-3BE9-4BC7-BACB-2ADB9820670A}"
EndProject
Project("{9A19103F-16F7-4668-BE54-9A1E7A4F7556}") = "2413", "C#\URI\2413\2413.csproj", "{9E5FEC80-7711-4740-A89A-ACBC93ECA5DF}"
EndProject
Project("{9A19103F-16F7-4668-BE54-9A1E7A4F7556}") = "3046", "C#\URI\3046\3046.csproj", "{8B3E5E38-E436-4C8E-AEAD-E91417B1EE72}"
EndProject
Project("{9A19103F-16F7-4668-BE54-9A1E7A4F7556}") = "3214", "C#\URI\3214\3214.csproj", "{295DB1E6-A95A-46A5-BC1A-711E2EAF9482}"
EndProject
Project("{9A19103F-16F7-4668-BE54-9A1E7A4F7556}") = "3301", "C#\URI\3301\3301.csproj", "{039AE0EB-9FA1-4BDE-A78B-777703DC4425}"
EndProject
Project("{9A19103F-16F7-4668-BE54-9A1E7A4F7556}") = "3302", "C#\URI\3302\3302.csproj", "{9FE7B0AD-AA06-4460-B784-23372E195D22}"
EndProject
Project("{9A19103F-16F7-4668-BE54-9A1E7A4F7556}") = "3303", "C#\URI\3303\3303.csproj", "{C81826F5-6E7A-4609-8499-4D8A6D70F5B0}"
EndProject
Project("{9A19103F-16F7-4668-BE54-9A1E7A4F7556}") = "3342", "C#\URI\3342\3342.csproj", "{62DBDE84-F4B9-4079-9BE2-390E93003E50}"
EndProject
Project("{9A19103F-16F7-4668-BE54-9A1E7A4F7556}") = "3344", "C#\URI\3344\3344.csproj", "{86F85792-1037-470A-9559-C6912B65361F}"
EndProject
Project("{9A19103F-16F7-4668-BE54-9A1E7A4F7556}") = "3346", "C#\URI\3346\3346.csproj", "{41C20311-E3D1-4B25-B1DE-DEE62242CC55}"
EndProject
Global
	GlobalSection(SolutionConfigurationPlatforms) = preSolution
		Debug|Any CPU = Debug|Any CPU
		Release|Any CPU = Release|Any CPU
	EndGlobalSection
	GlobalSection(ProjectConfigurationPlatforms) = postSolution
		{901D785F-A63F-4CD8-8E42-BDC2A3C48300}.Debug|Any CPU.ActiveCfg = Debug|Any CPU
		{901D785F-A63F-4CD8-8E42-BDC2A3C48300}.Debug|Any CPU.Build.0 = Debug|Any CPU
		{901D785F-A63F-4CD8-8E42-BDC2A3C48300}.Release|Any CPU.ActiveCfg = Release|Any CPU
		{901D785F-A63F-4CD8-8E42-BDC2A3C48300}.Release|Any CPU.Build.0 = Release|Any CPU
		{DA315386-9B63-403A-AE1F-D556C36C6D9B}.Debug|Any CPU.ActiveCfg = Debug|Any CPU
		{DA315386-9B63-403A-AE1F-D556C36C6D9B}.Debug|Any CPU.Build.0 = Debug|Any CPU
		{DA315386-9B63-403A-AE1F-D556C36C6D9B}.Release|Any CPU.ActiveCfg = Release|Any CPU
		{DA315386-9B63-403A-AE1F-D556C36C6D9B}.Release|Any CPU.Build.0 = Release|Any CPU
		{2F53C825-683E-41D9-83D2-B166FFA39958}.Debug|Any CPU.ActiveCfg = Debug|Any CPU
		{2F53C825-683E-41D9-83D2-B166FFA39958}.Debug|Any CPU.Build.0 = Debug|Any CPU
		{2F53C825-683E-41D9-83D2-B166FFA39958}.Release|Any CPU.ActiveCfg = Release|Any CPU
		{2F53C825-683E-41D9-83D2-B166FFA39958}.Release|Any CPU.Build.0 = Release|Any CPU
		{1BE31320-3BE9-4BC7-BACB-2ADB9820670A}.Debug|Any CPU.ActiveCfg = Debug|Any CPU
		{1BE31320-3BE9-4BC7-BACB-2ADB9820670A}.Debug|Any CPU.Build.0 = Debug|Any CPU
		{1BE31320-3BE9-4BC7-BACB-2ADB9820670A}.Release|Any CPU.ActiveCfg = Release|Any CPU
		{1BE31320-3BE9-4BC7-BACB-2ADB9820670A}.Release|Any CPU.Build.0 = Release|Any CPU
		{9E5FEC80-7711-4740-A89A-ACBC93ECA5DF}.Debug|Any CPU.ActiveCfg = Debug|Any CPU
		{9E5FEC80-7711-4740-A89A-ACBC93ECA5DF}.Debug|Any CPU.Build.0 = Debug|Any CPU
		{9E5FEC80-7711-4740-A89A-ACBC93ECA5DF}.Release|Any CPU.ActiveCfg = Release|Any CPU
		{9E5FEC80-7711-4740-A89A-ACBC93ECA5DF}.Release|Any CPU.Build.0 = Release|Any CPU
		{8B3E5E38-E436-4C8E-AEAD-E91417B1EE72}.Debug|Any CPU.ActiveCfg = Debug|Any CPU
		{8B3E5E38-E436-4C8E-AEAD-E91417B1EE72}.Debug|Any CPU.Build.0 = Debug|Any CPU
		{8B3E5E38-E436-4C8E-AEAD-E91417B1EE72}.Release|Any CPU.ActiveCfg = Release|Any CPU
		{8B3E5E38-E436-4C8E-AEAD-E91417B1EE72}.Release|Any CPU.Build.0 = Release|Any CPU
		{295DB1E6-A95A-46A5-BC1A-711E2EAF9482}.Debug|Any CPU.ActiveCfg = Debug|Any CPU
		{295DB1E6-A95A-46A5-BC1A-711E2EAF9482}.Debug|Any CPU.Build.0 = Debug|Any CPU
		{295DB1E6-A95A-46A5-BC1A-711E2EAF9482}.Release|Any CPU.ActiveCfg = Release|Any CPU
		{295DB1E6-A95A-46A5-BC1A-711E2EAF9482}.Release|Any CPU.Build.0 = Release|Any CPU
		{039AE0EB-9FA1-4BDE-A78B-777703DC4425}.Debug|Any CPU.ActiveCfg = Debug|Any CPU
		{039AE0EB-9FA1-4BDE-A78B-777703DC4425}.Debug|Any CPU.Build.0 = Debug|Any CPU
		{039AE0EB-9FA1-4BDE-A78B-777703DC4425}.Release|Any CPU.ActiveCfg = Release|Any CPU
		{039AE0EB-9FA1-4BDE-A78B-777703DC4425}.Release|Any CPU.Build.0 = Release|Any CPU
		{9FE7B0AD-AA06-4460-B784-23372E195D22}.Debug|Any CPU.ActiveCfg = Debug|Any CPU
		{9FE7B0AD-AA06-4460-B784-23372E195D22}.Debug|Any CPU.Build.0 = Debug|Any CPU
		{9FE7B0AD-AA06-4460-B784-23372E195D22}.Release|Any CPU.ActiveCfg = Release|Any CPU
		{9FE7B0AD-AA06-4460-B784-23372E195D22}.Release|Any CPU.Build.0 = Release|Any CPU
		{C81826F5-6E7A-4609-8499-4D8A6D70F5B0}.Debug|Any CPU.ActiveCfg = Debug|Any CPU
		{C81826F5-6E7A-4609-8499-4D8A6D70F5B0}.Debug|Any CPU.Build.0 = Debug|Any CPU
		{C81826F5-6E7A-4609-8499-4D8A6D70F5B0}.Release|Any CPU.ActiveCfg = Release|Any CPU
		{C81826F5-6E7A-4609-8499-4D8A6D70F5B0}.Release|Any CPU.Build.0 = Release|Any CPU
		{62DBDE84-F4B9-4079-9BE2-390E93003E50}.Debug|Any CPU.ActiveCfg = Debug|Any CPU
		{62DBDE84-F4B9-4079-9BE2-390E93003E50}.Debug|Any CPU.Build.0 = Debug|Any CPU
		{62DBDE84-F4B9-4079-9BE2-390E93003E50}.Release|Any CPU.ActiveCfg = Release|Any CPU
		{62DBDE84-F4B9-4079-9BE2-390E93003E50}.Release|Any CPU.Build.0 = Release|Any CPU
		{86F85792-1037-470A-9559-C6912B65361F}.Debug|Any CPU.ActiveCfg = Debug|Any CPU
		{86F85792-1037-470A-9559-C6912B65361F}.Debug|Any CPU.Build.0 = Debug|Any CPU
		{86F85792-1037-470A-9559-C6912B65361F}.Release|Any CPU.ActiveCfg = Release|Any CPU
		{86F85792-1037-470A-9559-C6912B65361F}.Release|Any CPU.Build.0 = Release|Any CPU
		{41C20311-E3D1-4B25-B1DE-DEE62242CC55}.Debug|Any CPU.ActiveCfg = Debug|Any CPU
		{41C20311-E3D1-4B25-B1DE-DEE62242CC55}.Debug|Any CPU.Build.0 = Debug|Any CPU
		{41C20311-E3D1-4B25-B1DE-DEE62242CC55}.Release|Any CPU.ActiveCfg = Release|Any CPU
		{41C20311-E3D1-4B25-B1DE-DEE62242CC55}.Release|Any CPU.Build.0 = Release|Any CPU
	EndGlobalSection
	GlobalSection(SolutionProperties) = preSolution
		HideSolutionNode = FALSE
	EndGlobalSection
	GlobalSection(NestedProjects) = preSolution
		{4B586309-F432-466F-A2AE-CB3385CF3F02} = {E32D4F10-350C-4A0D-BF30-2C118702A36F}
		{901D785F-A63F-4CD8-8E42-BDC2A3C48300} = {4B586309-F432-466F-A2AE-CB3385CF3F02}
		{DA315386-9B63-403A-AE1F-D556C36C6D9B} = {4B586309-F432-466F-A2AE-CB3385CF3F02}
		{2F53C825-683E-41D9-83D2-B166FFA39958} = {4B586309-F432-466F-A2AE-CB3385CF3F02}
		{1BE31320-3BE9-4BC7-BACB-2ADB9820670A} = {4B586309-F432-466F-A2AE-CB3385CF3F02}
		{9E5FEC80-7711-4740-A89A-ACBC93ECA5DF} = {4B586309-F432-466F-A2AE-CB3385CF3F02}
		{8B3E5E38-E436-4C8E-AEAD-E91417B1EE72} = {4B586309-F432-466F-A2AE-CB3385CF3F02}
		{295DB1E6-A95A-46A5-BC1A-711E2EAF9482} = {4B586309-F432-466F-A2AE-CB3385CF3F02}
		{039AE0EB-9FA1-4BDE-A78B-777703DC4425} = {4B586309-F432-466F-A2AE-CB3385CF3F02}
		{9FE7B0AD-AA06-4460-B784-23372E195D22} = {4B586309-F432-466F-A2AE-CB3385CF3F02}
		{C81826F5-6E7A-4609-8499-4D8A6D70F5B0} = {4B586309-F432-466F-A2AE-CB3385CF3F02}
		{62DBDE84-F4B9-4079-9BE2-390E93003E50} = {4B586309-F432-466F-A2AE-CB3385CF3F02}
		{86F85792-1037-470A-9559-C6912B65361F} = {4B586309-F432-466F-A2AE-CB3385CF3F02}
		{41C20311-E3D1-4B25-B1DE-DEE62242CC55} = {4B586309-F432-466F-A2AE-CB3385CF3F02}
	EndGlobalSection
	GlobalSection(ExtensibilityGlobals) = postSolution
		SolutionGuid = {0C54BC7B-E5B2-4A4F-A117-C07B60E65DA9}
	EndGlobalSection
EndGlobal
